
Microsoft Visual Studio Solution File, Format Version 12.00
# Visual Studio Version 16
VisualStudioVersion = 16.0.32510.428
MinimumVisualStudioVersion = 10.0.40219.1
Project("{FAE04EC0-301F-11D3-BF4B-00C04F79EFBC}") = "Test1", "Test1\Test1.csproj", "{62B8DBF1-8FB2-415B-B6B5-7B7D95A8251A}"
EndProject
Global
	GlobalSection(SolutionConfigurationPlatforms) = preSolution
		Debug|Any CPU = Debug|Any CPU
		Release|Any CPU = Release|Any CPU
	EndGlobalSection
	GlobalSection(ProjectConfigurationPlatforms) = postSolution
		{62B8DBF1-8FB2-415B-B6B5-7B7D95A8251A}.Debug|Any CPU.ActiveCfg = Debug|Any CPU
		{62B8DBF1-8FB2-415B-B6B5-7B7D95A8251A}.Debug|Any CPU.Build.0 = Debug|Any CPU
		{62B8DBF1-8FB2-415B-B6B5-7B7D95A8251A}.Release|Any CPU.ActiveCfg = Release|Any CPU
		{62B8DBF1-8FB2-415B-B6B5-7B7D95A8251A}.Release|Any CPU.Build.0 = Release|Any CPU
	EndGlobalSection
	GlobalSection(SolutionProperties) = preSolution
		HideSolutionNode = FALSE
	EndGlobalSection
	GlobalSection(ExtensibilityGlobals) = postSolution
		SolutionGuid = {44EE35DB-0CE2-4CFA-98B0-72BFA99EE44D}
	EndGlobalSection
EndGlobal
